
Microsoft Visual Studio Solution File, Format Version 11.00
# Visual Studio 2010
Project("{FAE04EC0-301F-11D3-BF4B-00C04F79EFBC}") = "Firefighter Data Visualization", "Assembly-CSharp.csproj", "{4DC54C09-B00D-BF00-9DA5-3DC363A93CB7}"
EndProject
Project("{FAE04EC0-301F-11D3-BF4B-00C04F79EFBC}") = "Firefighter Data Visualization", "Assembly-CSharp-Editor.csproj", "{39BF2614-00A0-7FB0-E464-7F9C6205491E}"
EndProject
Global
	GlobalSection(SolutionConfigurationPlatforms) = preSolution
		Debug|Any CPU = Debug|Any CPU
		Release|Any CPU = Release|Any CPU
	EndGlobalSection
	GlobalSection(ProjectConfigurationPlatforms) = postSolution
		{4DC54C09-B00D-BF00-9DA5-3DC363A93CB7}.Debug|Any CPU.ActiveCfg = Debug|Any CPU
		{4DC54C09-B00D-BF00-9DA5-3DC363A93CB7}.Debug|Any CPU.Build.0 = Debug|Any CPU
		{4DC54C09-B00D-BF00-9DA5-3DC363A93CB7}.Release|Any CPU.ActiveCfg = Release|Any CPU
		{4DC54C09-B00D-BF00-9DA5-3DC363A93CB7}.Release|Any CPU.Build.0 = Release|Any CPU
		{39BF2614-00A0-7FB0-E464-7F9C6205491E}.Debug|Any CPU.ActiveCfg = Debug|Any CPU
		{39BF2614-00A0-7FB0-E464-7F9C6205491E}.Debug|Any CPU.Build.0 = Debug|Any CPU
		{39BF2614-00A0-7FB0-E464-7F9C6205491E}.Release|Any CPU.ActiveCfg = Release|Any CPU
		{39BF2614-00A0-7FB0-E464-7F9C6205491E}.Release|Any CPU.Build.0 = Release|Any CPU
	EndGlobalSection
	GlobalSection(SolutionProperties) = preSolution
		HideSolutionNode = FALSE
	EndGlobalSection
	GlobalSection(MonoDevelopProperties) = preSolution
		StartupItem = Assembly-CSharp.csproj
	EndGlobalSection
EndGlobal
